
Microsoft Visual Studio Solution File, Format Version 12.00
# Visual Studio Version 17
VisualStudioVersion = 17.13.35919.96
MinimumVisualStudioVersion = 10.0.40219.1
Project("{FAE04EC0-301F-11D3-BF4B-00C04F79EFBC}") = "Academia_Programador-GestaoEquipamentosFabricantes", "Academia_Programador-GestaoEquipamentosFabricantes.csproj", "{DA4FB7DD-BA78-4870-9949-EC2E41EC4BCA}"
EndProject
Project("{FAE04EC0-301F-11D3-BF4B-00C04F79EFBC}") = "GestaoEquipamentosWeb", "..\GestaoEquipamentosWeb\GestaoEquipamentosWeb.csproj", "{45168754-6B18-413F-B432-6AD52DAED7CA}"
EndProject
Global
	GlobalSection(SolutionConfigurationPlatforms) = preSolution
		Debug|Any CPU = Debug|Any CPU
		Release|Any CPU = Release|Any CPU
	EndGlobalSection
	GlobalSection(ProjectConfigurationPlatforms) = postSolution
		{DA4FB7DD-BA78-4870-9949-EC2E41EC4BCA}.Debug|Any CPU.ActiveCfg = Debug|Any CPU
		{DA4FB7DD-BA78-4870-9949-EC2E41EC4BCA}.Debug|Any CPU.Build.0 = Debug|Any CPU
		{DA4FB7DD-BA78-4870-9949-EC2E41EC4BCA}.Release|Any CPU.ActiveCfg = Release|Any CPU
		{DA4FB7DD-BA78-4870-9949-EC2E41EC4BCA}.Release|Any CPU.Build.0 = Release|Any CPU
		{45168754-6B18-413F-B432-6AD52DAED7CA}.Debug|Any CPU.ActiveCfg = Debug|Any CPU
		{45168754-6B18-413F-B432-6AD52DAED7CA}.Debug|Any CPU.Build.0 = Debug|Any CPU
		{45168754-6B18-413F-B432-6AD52DAED7CA}.Release|Any CPU.ActiveCfg = Release|Any CPU
		{45168754-6B18-413F-B432-6AD52DAED7CA}.Release|Any CPU.Build.0 = Release|Any CPU
	EndGlobalSection
	GlobalSection(SolutionProperties) = preSolution
		HideSolutionNode = FALSE
	EndGlobalSection
	GlobalSection(ExtensibilityGlobals) = postSolution
		SolutionGuid = {F9FE722E-0D4A-4B9E-9475-84375F2DBFAF}
	EndGlobalSection
EndGlobal
